// !$*UTF8*$!
{
	archiveVersion = 1;
	classes = {
	};
	objectVersion = 56;
	objects = {

/* Begin PBXBuildFile section */
		558125A02A66F1D800BCA1E8 /* TaskManagerApp.swift in Sources */ = {isa = PBXBuildFile; fileRef = 5581259F2A66F1D800BCA1E8 /* TaskManagerApp.swift */; };
		558125A42A66F1D900BCA1E8 /* Assets.xcassets in Resources */ = {isa = PBXBuildFile; fileRef = 558125A32A66F1D900BCA1E8 /* Assets.xcassets */; };
		558125A72A66F1D900BCA1E8 /* Preview Assets.xcassets in Resources */ = {isa = PBXBuildFile; fileRef = 558125A62A66F1D900BCA1E8 /* Preview Assets.xcassets */; };
		558125BB2A66F71E00BCA1E8 /* NAMESPACING.swift in Sources */ = {isa = PBXBuildFile; fileRef = 558125BA2A66F71E00BCA1E8 /* NAMESPACING.swift */; };
		558125BD2A66F75C00BCA1E8 /* View.MainList.swift in Sources */ = {isa = PBXBuildFile; fileRef = 558125BC2A66F75C00BCA1E8 /* View.MainList.swift */; };
		558125C02A66FC2900BCA1E8 /* Views.MainList.ListRow.swift in Sources */ = {isa = PBXBuildFile; fileRef = 558125BF2A66FC2900BCA1E8 /* Views.MainList.ListRow.swift */; };
		558125C22A66FED600BCA1E8 /* Models.MainList.swift in Sources */ = {isa = PBXBuildFile; fileRef = 558125C12A66FED600BCA1E8 /* Models.MainList.swift */; };
		558125C52A66FF1900BCA1E8 /* Models.MainList.Taks.swift in Sources */ = {isa = PBXBuildFile; fileRef = 558125C42A66FF1900BCA1E8 /* Models.MainList.Taks.swift */; };
		558125C72A67005A00BCA1E8 /* Models.MainList.Taks.TaskStatusEnum.swift in Sources */ = {isa = PBXBuildFile; fileRef = 558125C62A67005A00BCA1E8 /* Models.MainList.Taks.TaskStatusEnum.swift */; };
		558125CA2A67075A00BCA1E8 /* Common.swift in Sources */ = {isa = PBXBuildFile; fileRef = 558125C92A67075A00BCA1E8 /* Common.swift */; };
		558125CF2A6707C400BCA1E8 /* Common.Views.swift in Sources */ = {isa = PBXBuildFile; fileRef = 558125CE2A6707C400BCA1E8 /* Common.Views.swift */; };
		558125D12A6707FB00BCA1E8 /* Common.Views.Button.swift in Sources */ = {isa = PBXBuildFile; fileRef = 558125D02A6707FB00BCA1E8 /* Common.Views.Button.swift */; };
		558125D42A67082D00BCA1E8 /* Common.Views.Button.SimpleButton.swift in Sources */ = {isa = PBXBuildFile; fileRef = 558125D32A67082D00BCA1E8 /* Common.Views.Button.SimpleButton.swift */; };
		558125D72A6709D200BCA1E8 /* Views.AddNewTask.swift in Sources */ = {isa = PBXBuildFile; fileRef = 558125D62A6709D200BCA1E8 /* Views.AddNewTask.swift */; };
		558125D92A670B6500BCA1E8 /* Common.Views.InputBox.swift in Sources */ = {isa = PBXBuildFile; fileRef = 558125D82A670B6500BCA1E8 /* Common.Views.InputBox.swift */; };
		558125DC2A670B9E00BCA1E8 /* Common.Views.InputBox.SimpleInput.swift in Sources */ = {isa = PBXBuildFile; fileRef = 558125DB2A670B9E00BCA1E8 /* Common.Views.InputBox.SimpleInput.swift */; };
/* End PBXBuildFile section */

/* Begin PBXFileReference section */
		5581259C2A66F1D800BCA1E8 /* TaskManager.app */ = {isa = PBXFileReference; explicitFileType = wrapper.application; includeInIndex = 0; path = TaskManager.app; sourceTree = BUILT_PRODUCTS_DIR; };
		5581259F2A66F1D800BCA1E8 /* TaskManagerApp.swift */ = {isa = PBXFileReference; lastKnownFileType = sourcecode.swift; path = TaskManagerApp.swift; sourceTree = "<group>"; };
		558125A32A66F1D900BCA1E8 /* Assets.xcassets */ = {isa = PBXFileReference; lastKnownFileType = folder.assetcatalog; path = Assets.xcassets; sourceTree = "<group>"; };
		558125A62A66F1D900BCA1E8 /* Preview Assets.xcassets */ = {isa = PBXFileReference; lastKnownFileType = folder.assetcatalog; path = "Preview Assets.xcassets"; sourceTree = "<group>"; };
		558125BA2A66F71E00BCA1E8 /* NAMESPACING.swift */ = {isa = PBXFileReference; lastKnownFileType = sourcecode.swift; path = NAMESPACING.swift; sourceTree = "<group>"; };
		558125BC2A66F75C00BCA1E8 /* View.MainList.swift */ = {isa = PBXFileReference; lastKnownFileType = sourcecode.swift; path = View.MainList.swift; sourceTree = "<group>"; };
		558125BF2A66FC2900BCA1E8 /* Views.MainList.ListRow.swift */ = {isa = PBXFileReference; lastKnownFileType = sourcecode.swift; path = Views.MainList.ListRow.swift; sourceTree = "<group>"; };
		558125C12A66FED600BCA1E8 /* Models.MainList.swift */ = {isa = PBXFileReference; lastKnownFileType = sourcecode.swift; path = Models.MainList.swift; sourceTree = "<group>"; };
		558125C42A66FF1900BCA1E8 /* Models.MainList.Taks.swift */ = {isa = PBXFileReference; lastKnownFileType = sourcecode.swift; path = Models.MainList.Taks.swift; sourceTree = "<group>"; };
		558125C62A67005A00BCA1E8 /* Models.MainList.Taks.TaskStatusEnum.swift */ = {isa = PBXFileReference; lastKnownFileType = sourcecode.swift; path = Models.MainList.Taks.TaskStatusEnum.swift; sourceTree = "<group>"; };
		558125C92A67075A00BCA1E8 /* Common.swift */ = {isa = PBXFileReference; lastKnownFileType = sourcecode.swift; path = Common.swift; sourceTree = "<group>"; };
		558125CE2A6707C400BCA1E8 /* Common.Views.swift */ = {isa = PBXFileReference; lastKnownFileType = sourcecode.swift; path = Common.Views.swift; sourceTree = "<group>"; };
		558125D02A6707FB00BCA1E8 /* Common.Views.Button.swift */ = {isa = PBXFileReference; lastKnownFileType = sourcecode.swift; path = Common.Views.Button.swift; sourceTree = "<group>"; };
		558125D32A67082D00BCA1E8 /* Common.Views.Button.SimpleButton.swift */ = {isa = PBXFileReference; lastKnownFileType = sourcecode.swift; path = Common.Views.Button.SimpleButton.swift; sourceTree = "<group>"; };
		558125D62A6709D200BCA1E8 /* Views.AddNewTask.swift */ = {isa = PBXFileReference; lastKnownFileType = sourcecode.swift; path = Views.AddNewTask.swift; sourceTree = "<group>"; };
		558125D82A670B6500BCA1E8 /* Common.Views.InputBox.swift */ = {isa = PBXFileReference; lastKnownFileType = sourcecode.swift; path = Common.Views.InputBox.swift; sourceTree = "<group>"; };
		558125DB2A670B9E00BCA1E8 /* Common.Views.InputBox.SimpleInput.swift */ = {isa = PBXFileReference; lastKnownFileType = sourcecode.swift; path = Common.Views.InputBox.SimpleInput.swift; sourceTree = "<group>"; };
/* End PBXFileReference section */

/* Begin PBXFrameworksBuildPhase section */
		558125992A66F1D800BCA1E8 /* Frameworks */ = {
			isa = PBXFrameworksBuildPhase;
			buildActionMask = 2147483647;
			files = (
			);
			runOnlyForDeploymentPostprocessing = 0;
		};
/* End PBXFrameworksBuildPhase section */

/* Begin PBXGroup section */
		558125932A66F1D800BCA1E8 = {
			isa = PBXGroup;
			children = (
				5581259E2A66F1D800BCA1E8 /* TaskManager */,
				5581259D2A66F1D800BCA1E8 /* Products */,
			);
			sourceTree = "<group>";
		};
		5581259D2A66F1D800BCA1E8 /* Products */ = {
			isa = PBXGroup;
			children = (
				5581259C2A66F1D800BCA1E8 /* TaskManager.app */,
			);
			name = Products;
			sourceTree = "<group>";
		};
		5581259E2A66F1D800BCA1E8 /* TaskManager */ = {
			isa = PBXGroup;
			children = (
				558125B52A66F6DB00BCA1E8 /* Module */,
				5581259F2A66F1D800BCA1E8 /* TaskManagerApp.swift */,
				558125A32A66F1D900BCA1E8 /* Assets.xcassets */,
				558125A52A66F1D900BCA1E8 /* Preview Content */,
				558125BA2A66F71E00BCA1E8 /* NAMESPACING.swift */,
			);
			path = TaskManager;
			sourceTree = "<group>";
		};
		558125A52A66F1D900BCA1E8 /* Preview Content */ = {
			isa = PBXGroup;
			children = (
				558125A62A66F1D900BCA1E8 /* Preview Assets.xcassets */,
			);
			path = "Preview Content";
			sourceTree = "<group>";
		};
		558125B52A66F6DB00BCA1E8 /* Module */ = {
			isa = PBXGroup;
			children = (
				558125C82A67074F00BCA1E8 /* Common */,
				558125B62A66F6E900BCA1E8 /* MainList */,
			);
			path = Module;
			sourceTree = "<group>";
		};
		558125B62A66F6E900BCA1E8 /* MainList */ = {
			isa = PBXGroup;
			children = (
				558125B92A66F70A00BCA1E8 /* Model */,
				558125B82A66F70400BCA1E8 /* ViewModel */,
				558125B72A66F6FA00BCA1E8 /* View */,
			);
			path = MainList;
			sourceTree = "<group>";
		};
		558125B72A66F6FA00BCA1E8 /* View */ = {
			isa = PBXGroup;
			children = (
				558125D52A6709A400BCA1E8 /* AddNewTask */,
				558125BE2A66F79C00BCA1E8 /* ListRowView */,
				558125BC2A66F75C00BCA1E8 /* View.MainList.swift */,
			);
			path = View;
			sourceTree = "<group>";
		};
		558125B82A66F70400BCA1E8 /* ViewModel */ = {
			isa = PBXGroup;
			children = (
			);
			path = ViewModel;
			sourceTree = "<group>";
		};
		558125B92A66F70A00BCA1E8 /* Model */ = {
			isa = PBXGroup;
			children = (
				558125C32A66FEDB00BCA1E8 /* Task */,
				558125C12A66FED600BCA1E8 /* Models.MainList.swift */,
			);
			path = Model;
			sourceTree = "<group>";
		};
		558125BE2A66F79C00BCA1E8 /* ListRowView */ = {
			isa = PBXGroup;
			children = (
				558125BF2A66FC2900BCA1E8 /* Views.MainList.ListRow.swift */,
			);
			path = ListRowView;
			sourceTree = "<group>";
		};
		558125C32A66FEDB00BCA1E8 /* Task */ = {
			isa = PBXGroup;
			children = (
				558125C42A66FF1900BCA1E8 /* Models.MainList.Taks.swift */,
				558125C62A67005A00BCA1E8 /* Models.MainList.Taks.TaskStatusEnum.swift */,
			);
			path = Task;
			sourceTree = "<group>";
		};
		558125C82A67074F00BCA1E8 /* Common */ = {
			isa = PBXGroup;
			children = (
				558125CD2A6707A300BCA1E8 /* Views */,
				558125C92A67075A00BCA1E8 /* Common.swift */,
			);
			path = Common;
			sourceTree = "<group>";
		};
		558125CB2A67075D00BCA1E8 /* Button */ = {
			isa = PBXGroup;
			children = (
				558125D22A67081100BCA1E8 /* SimpleButton */,
				558125D02A6707FB00BCA1E8 /* Common.Views.Button.swift */,
			);
			path = Button;
			sourceTree = "<group>";
		};
		558125CC2A67076600BCA1E8 /* InputBox */ = {
			isa = PBXGroup;
			children = (
				558125DA2A670B7F00BCA1E8 /* SimpleInput */,
				558125D82A670B6500BCA1E8 /* Common.Views.InputBox.swift */,
			);
			path = InputBox;
			sourceTree = "<group>";
		};
		558125CD2A6707A300BCA1E8 /* Views */ = {
			isa = PBXGroup;
			children = (
				558125CC2A67076600BCA1E8 /* InputBox */,
				558125CB2A67075D00BCA1E8 /* Button */,
				558125CE2A6707C400BCA1E8 /* Common.Views.swift */,
			);
			path = Views;
			sourceTree = "<group>";
		};
		558125D22A67081100BCA1E8 /* SimpleButton */ = {
			isa = PBXGroup;
			children = (
				558125D32A67082D00BCA1E8 /* Common.Views.Button.SimpleButton.swift */,
			);
			path = SimpleButton;
			sourceTree = "<group>";
		};
		558125D52A6709A400BCA1E8 /* AddNewTask */ = {
			isa = PBXGroup;
			children = (
				558125D62A6709D200BCA1E8 /* Views.AddNewTask.swift */,
			);
			path = AddNewTask;
			sourceTree = "<group>";
		};
		558125DA2A670B7F00BCA1E8 /* SimpleInput */ = {
			isa = PBXGroup;
			children = (
				558125DB2A670B9E00BCA1E8 /* Common.Views.InputBox.SimpleInput.swift */,
			);
			path = SimpleInput;
			sourceTree = "<group>";
		};
/* End PBXGroup section */

/* Begin PBXNativeTarget section */
		5581259B2A66F1D800BCA1E8 /* TaskManager */ = {
			isa = PBXNativeTarget;
			buildConfigurationList = 558125AA2A66F1D900BCA1E8 /* Build configuration list for PBXNativeTarget "TaskManager" */;
			buildPhases = (
				558125982A66F1D800BCA1E8 /* Sources */,
				558125992A66F1D800BCA1E8 /* Frameworks */,
				5581259A2A66F1D800BCA1E8 /* Resources */,
			);
			buildRules = (
			);
			dependencies = (
			);
			name = TaskManager;
			productName = TaskManager;
			productReference = 5581259C2A66F1D800BCA1E8 /* TaskManager.app */;
			productType = "com.apple.product-type.application";
		};
/* End PBXNativeTarget section */

/* Begin PBXProject section */
		558125942A66F1D800BCA1E8 /* Project object */ = {
			isa = PBXProject;
			attributes = {
				BuildIndependentTargetsInParallel = 1;
				LastSwiftUpdateCheck = 1430;
				LastUpgradeCheck = 1430;
				TargetAttributes = {
					5581259B2A66F1D800BCA1E8 = {
						CreatedOnToolsVersion = 14.3.1;
					};
				};
			};
			buildConfigurationList = 558125972A66F1D800BCA1E8 /* Build configuration list for PBXProject "TaskManager" */;
			compatibilityVersion = "Xcode 14.0";
			developmentRegion = en;
			hasScannedForEncodings = 0;
			knownRegions = (
				en,
				Base,
			);
			mainGroup = 558125932A66F1D800BCA1E8;
			productRefGroup = 5581259D2A66F1D800BCA1E8 /* Products */;
			projectDirPath = "";
			projectRoot = "";
			targets = (
				5581259B2A66F1D800BCA1E8 /* TaskManager */,
			);
		};
/* End PBXProject section */

/* Begin PBXResourcesBuildPhase section */
		5581259A2A66F1D800BCA1E8 /* Resources */ = {
			isa = PBXResourcesBuildPhase;
			buildActionMask = 2147483647;
			files = (
				558125A72A66F1D900BCA1E8 /* Preview Assets.xcassets in Resources */,
				558125A42A66F1D900BCA1E8 /* Assets.xcassets in Resources */,
			);
			runOnlyForDeploymentPostprocessing = 0;
		};
/* End PBXResourcesBuildPhase section */

/* Begin PBXSourcesBuildPhase section */
		558125982A66F1D800BCA1E8 /* Sources */ = {
			isa = PBXSourcesBuildPhase;
			buildActionMask = 2147483647;
			files = (
				558125CF2A6707C400BCA1E8 /* Common.Views.swift in Sources */,
				558125DC2A670B9E00BCA1E8 /* Common.Views.InputBox.SimpleInput.swift in Sources */,
				558125D12A6707FB00BCA1E8 /* Common.Views.Button.swift in Sources */,
				558125CA2A67075A00BCA1E8 /* Common.swift in Sources */,
				558125D92A670B6500BCA1E8 /* Common.Views.InputBox.swift in Sources */,
				558125D72A6709D200BCA1E8 /* Views.AddNewTask.swift in Sources */,
				558125C22A66FED600BCA1E8 /* Models.MainList.swift in Sources */,
				558125D42A67082D00BCA1E8 /* Common.Views.Button.SimpleButton.swift in Sources */,
				558125C72A67005A00BCA1E8 /* Models.MainList.Taks.TaskStatusEnum.swift in Sources */,
				558125BD2A66F75C00BCA1E8 /* View.MainList.swift in Sources */,
				558125BB2A66F71E00BCA1E8 /* NAMESPACING.swift in Sources */,
				558125C02A66FC2900BCA1E8 /* Views.MainList.ListRow.swift in Sources */,
				558125A02A66F1D800BCA1E8 /* TaskManagerApp.swift in Sources */,
				558125C52A66FF1900BCA1E8 /* Models.MainList.Taks.swift in Sources */,
			);
			runOnlyForDeploymentPostprocessing = 0;
		};
/* End PBXSourcesBuildPhase section */

/* Begin XCBuildConfiguration section */
		558125A82A66F1D900BCA1E8 /* Debug */ = {
			isa = XCBuildConfiguration;
			buildSettings = {
				ALWAYS_SEARCH_USER_PATHS = NO;
				CLANG_ANALYZER_NONNULL = YES;
				CLANG_ANALYZER_NUMBER_OBJECT_CONVERSION = YES_AGGRESSIVE;
				CLANG_CXX_LANGUAGE_STANDARD = "gnu++20";
				CLANG_ENABLE_MODULES = YES;
				CLANG_ENABLE_OBJC_ARC = YES;
				CLANG_ENABLE_OBJC_WEAK = YES;
				CLANG_WARN_BLOCK_CAPTURE_AUTORELEASING = YES;
				CLANG_WARN_BOOL_CONVERSION = YES;
				CLANG_WARN_COMMA = YES;
				CLANG_WARN_CONSTANT_CONVERSION = YES;
				CLANG_WARN_DEPRECATED_OBJC_IMPLEMENTATIONS = YES;
				CLANG_WARN_DIRECT_OBJC_ISA_USAGE = YES_ERROR;
				CLANG_WARN_DOCUMENTATION_COMMENTS = YES;
				CLANG_WARN_EMPTY_BODY = YES;
				CLANG_WARN_ENUM_CONVERSION = YES;
				CLANG_WARN_INFINITE_RECURSION = YES;
				CLANG_WARN_INT_CONVERSION = YES;
				CLANG_WARN_NON_LITERAL_NULL_CONVERSION = YES;
				CLANG_WARN_OBJC_IMPLICIT_RETAIN_SELF = YES;
				CLANG_WARN_OBJC_LITERAL_CONVERSION = YES;
				CLANG_WARN_OBJC_ROOT_CLASS = YES_ERROR;
				CLANG_WARN_QUOTED_INCLUDE_IN_FRAMEWORK_HEADER = YES;
				CLANG_WARN_RANGE_LOOP_ANALYSIS = YES;
				CLANG_WARN_STRICT_PROTOTYPES = YES;
				CLANG_WARN_SUSPICIOUS_MOVE = YES;
				CLANG_WARN_UNGUARDED_AVAILABILITY = YES_AGGRESSIVE;
				CLANG_WARN_UNREACHABLE_CODE = YES;
				CLANG_WARN__DUPLICATE_METHOD_MATCH = YES;
				COPY_PHASE_STRIP = NO;
				DEBUG_INFORMATION_FORMAT = dwarf;
				ENABLE_STRICT_OBJC_MSGSEND = YES;
				ENABLE_TESTABILITY = YES;
				GCC_C_LANGUAGE_STANDARD = gnu11;
				GCC_DYNAMIC_NO_PIC = NO;
				GCC_NO_COMMON_BLOCKS = YES;
				GCC_OPTIMIZATION_LEVEL = 0;
				GCC_PREPROCESSOR_DEFINITIONS = (
					"DEBUG=1",
					"$(inherited)",
				);
				GCC_WARN_64_TO_32_BIT_CONVERSION = YES;
				GCC_WARN_ABOUT_RETURN_TYPE = YES_ERROR;
				GCC_WARN_UNDECLARED_SELECTOR = YES;
				GCC_WARN_UNINITIALIZED_AUTOS = YES_AGGRESSIVE;
				GCC_WARN_UNUSED_FUNCTION = YES;
				GCC_WARN_UNUSED_VARIABLE = YES;
				IPHONEOS_DEPLOYMENT_TARGET = 16.4;
				MTL_ENABLE_DEBUG_INFO = INCLUDE_SOURCE;
				MTL_FAST_MATH = YES;
				ONLY_ACTIVE_ARCH = YES;
				SDKROOT = iphoneos;
				SWIFT_ACTIVE_COMPILATION_CONDITIONS = DEBUG;
				SWIFT_OPTIMIZATION_LEVEL = "-Onone";
			};
			name = Debug;
		};
		558125A92A66F1D900BCA1E8 /* Release */ = {
			isa = XCBuildConfiguration;
			buildSettings = {
				ALWAYS_SEARCH_USER_PATHS = NO;
				CLANG_ANALYZER_NONNULL = YES;
				CLANG_ANALYZER_NUMBER_OBJECT_CONVERSION = YES_AGGRESSIVE;
				CLANG_CXX_LANGUAGE_STANDARD = "gnu++20";
				CLANG_ENABLE_MODULES = YES;
				CLANG_ENABLE_OBJC_ARC = YES;
				CLANG_ENABLE_OBJC_WEAK = YES;
				CLANG_WARN_BLOCK_CAPTURE_AUTORELEASING = YES;
				CLANG_WARN_BOOL_CONVERSION = YES;
				CLANG_WARN_COMMA = YES;
				CLANG_WARN_CONSTANT_CONVERSION = YES;
				CLANG_WARN_DEPRECATED_OBJC_IMPLEMENTATIONS = YES;
				CLANG_WARN_DIRECT_OBJC_ISA_USAGE = YES_ERROR;
				CLANG_WARN_DOCUMENTATION_COMMENTS = YES;
				CLANG_WARN_EMPTY_BODY = YES;
				CLANG_WARN_ENUM_CONVERSION = YES;
				CLANG_WARN_INFINITE_RECURSION = YES;
				CLANG_WARN_INT_CONVERSION = YES;
				CLANG_WARN_NON_LITERAL_NULL_CONVERSION = YES;
				CLANG_WARN_OBJC_IMPLICIT_RETAIN_SELF = YES;
				CLANG_WARN_OBJC_LITERAL_CONVERSION = YES;
				CLANG_WARN_OBJC_ROOT_CLASS = YES_ERROR;
				CLANG_WARN_QUOTED_INCLUDE_IN_FRAMEWORK_HEADER = YES;
				CLANG_WARN_RANGE_LOOP_ANALYSIS = YES;
				CLANG_WARN_STRICT_PROTOTYPES = YES;
				CLANG_WARN_SUSPICIOUS_MOVE = YES;
				CLANG_WARN_UNGUARDED_AVAILABILITY = YES_AGGRESSIVE;
				CLANG_WARN_UNREACHABLE_CODE = YES;
				CLANG_WARN__DUPLICATE_METHOD_MATCH = YES;
				COPY_PHASE_STRIP = NO;
				DEBUG_INFORMATION_FORMAT = "dwarf-with-dsym";
				ENABLE_NS_ASSERTIONS = NO;
				ENABLE_STRICT_OBJC_MSGSEND = YES;
				GCC_C_LANGUAGE_STANDARD = gnu11;
				GCC_NO_COMMON_BLOCKS = YES;
				GCC_WARN_64_TO_32_BIT_CONVERSION = YES;
				GCC_WARN_ABOUT_RETURN_TYPE = YES_ERROR;
				GCC_WARN_UNDECLARED_SELECTOR = YES;
				GCC_WARN_UNINITIALIZED_AUTOS = YES_AGGRESSIVE;
				GCC_WARN_UNUSED_FUNCTION = YES;
				GCC_WARN_UNUSED_VARIABLE = YES;
				IPHONEOS_DEPLOYMENT_TARGET = 16.4;
				MTL_ENABLE_DEBUG_INFO = NO;
				MTL_FAST_MATH = YES;
				SDKROOT = iphoneos;
				SWIFT_COMPILATION_MODE = wholemodule;
				SWIFT_OPTIMIZATION_LEVEL = "-O";
				VALIDATE_PRODUCT = YES;
			};
			name = Release;
		};
		558125AB2A66F1D900BCA1E8 /* Debug */ = {
			isa = XCBuildConfiguration;
			buildSettings = {
				ASSETCATALOG_COMPILER_APPICON_NAME = AppIcon;
				ASSETCATALOG_COMPILER_GLOBAL_ACCENT_COLOR_NAME = AccentColor;
				CODE_SIGN_STYLE = Automatic;
				CURRENT_PROJECT_VERSION = 1;
				DEVELOPMENT_ASSET_PATHS = "\"TaskManager/Preview Content\"";
				ENABLE_PREVIEWS = YES;
				GENERATE_INFOPLIST_FILE = YES;
				INFOPLIST_KEY_UIApplicationSceneManifest_Generation = YES;
				INFOPLIST_KEY_UIApplicationSupportsIndirectInputEvents = YES;
				INFOPLIST_KEY_UILaunchScreen_Generation = YES;
				INFOPLIST_KEY_UISupportedInterfaceOrientations_iPad = "UIInterfaceOrientationPortrait UIInterfaceOrientationPortraitUpsideDown UIInterfaceOrientationLandscapeLeft UIInterfaceOrientationLandscapeRight";
				INFOPLIST_KEY_UISupportedInterfaceOrientations_iPhone = "UIInterfaceOrientationPortrait UIInterfaceOrientationLandscapeLeft UIInterfaceOrientationLandscapeRight";
				LD_RUNPATH_SEARCH_PATHS = (
					"$(inherited)",
					"@executable_path/Frameworks",
				);
				MARKETING_VERSION = 1.0;
				PRODUCT_BUNDLE_IDENTIFIER = akbari.mohammad.TaskManager;
				PRODUCT_NAME = "$(TARGET_NAME)";
				SWIFT_EMIT_LOC_STRINGS = YES;
				SWIFT_VERSION = 5.0;
				TARGETED_DEVICE_FAMILY = "1,2";
			};
			name = Debug;
		};
		558125AC2A66F1D900BCA1E8 /* Release */ = {
			isa = XCBuildConfiguration;
			buildSettings = {
				ASSETCATALOG_COMPILER_APPICON_NAME = AppIcon;
				ASSETCATALOG_COMPILER_GLOBAL_ACCENT_COLOR_NAME = AccentColor;
				CODE_SIGN_STYLE = Automatic;
				CURRENT_PROJECT_VERSION = 1;
				DEVELOPMENT_ASSET_PATHS = "\"TaskManager/Preview Content\"";
				ENABLE_PREVIEWS = YES;
				GENERATE_INFOPLIST_FILE = YES;
				INFOPLIST_KEY_UIApplicationSceneManifest_Generation = YES;
				INFOPLIST_KEY_UIApplicationSupportsIndirectInputEvents = YES;
				INFOPLIST_KEY_UILaunchScreen_Generation = YES;
				INFOPLIST_KEY_UISupportedInterfaceOrientations_iPad = "UIInterfaceOrientationPortrait UIInterfaceOrientationPortraitUpsideDown UIInterfaceOrientationLandscapeLeft UIInterfaceOrientationLandscapeRight";
				INFOPLIST_KEY_UISupportedInterfaceOrientations_iPhone = "UIInterfaceOrientationPortrait UIInterfaceOrientationLandscapeLeft UIInterfaceOrientationLandscapeRight";
				LD_RUNPATH_SEARCH_PATHS = (
					"$(inherited)",
					"@executable_path/Frameworks",
				);
				MARKETING_VERSION = 1.0;
				PRODUCT_BUNDLE_IDENTIFIER = akbari.mohammad.TaskManager;
				PRODUCT_NAME = "$(TARGET_NAME)";
				SWIFT_EMIT_LOC_STRINGS = YES;
				SWIFT_VERSION = 5.0;
				TARGETED_DEVICE_FAMILY = "1,2";
			};
			name = Release;
		};
/* End XCBuildConfiguration section */

/* Begin XCConfigurationList section */
		558125972A66F1D800BCA1E8 /* Build configuration list for PBXProject "TaskManager" */ = {
			isa = XCConfigurationList;
			buildConfigurations = (
				558125A82A66F1D900BCA1E8 /* Debug */,
				558125A92A66F1D900BCA1E8 /* Release */,
			);
			defaultConfigurationIsVisible = 0;
			defaultConfigurationName = Release;
		};
		558125AA2A66F1D900BCA1E8 /* Build configuration list for PBXNativeTarget "TaskManager" */ = {
			isa = XCConfigurationList;
			buildConfigurations = (
				558125AB2A66F1D900BCA1E8 /* Debug */,
				558125AC2A66F1D900BCA1E8 /* Release */,
			);
			defaultConfigurationIsVisible = 0;
			defaultConfigurationName = Release;
		};
/* End XCConfigurationList section */
	};
	rootObject = 558125942A66F1D800BCA1E8 /* Project object */;
}
